<?xml version="1.0" encoding="utf-8"?>
<Project ToolsVersion="4.0" xmlns="http://schemas.microsoft.com/developer/msbuild/2003">
  <ItemGroup>
    <Filter Include="源文件">
      <UniqueIdentifier>{4FC737F1-C7A5-4376-A066-2A32D752A2FF}</UniqueIdentifier>
      <Extensions>cpp;c;cc;cxx;def;odl;idl;hpj;bat;asm;asmx</Extensions>
    </Filter>
    <Filter Include="头文件">
      <UniqueIdentifier>{93995380-89BD-4b04-88EB-625FBE52EBFB}</UniqueIdentifier>
      <Extensions>h;hh;hpp;hxx;hm;inl;inc;xsd</Extensions>
    </Filter>
    <Filter Include="资源文件">
      <UniqueIdentifier>{67DA6AB6-F800-4c08-8B7A-83BB121AAD01}</UniqueIdentifier>
      <Extensions>rc;ico;cur;bmp;dlg;rc2;rct;bin;rgs;gif;jpg;jpeg;jpe;resx;tiff;tif;png;wav;mfcribbon-ms</Extensions>
    </Filter>
  </ItemGroup>
  <ItemGroup>
    <Text Include="ReadMe.txt" />
  </ItemGroup>
  <ItemGroup>
    <ClInclude Include="stdafx.h">
      <Filter>头文件</Filter>
    </ClInclude>
    <ClInclude Include="targetver.h">
      <Filter>头文件</Filter>
    </ClInclude>
    <ClInclude Include="io-funcs.h">
      <Filter>头文件</Filter>
    </ClInclude>
    <ClInclude Include="io-funcs-inl.h">
      <Filter>头文件</Filter>
    </ClInclude>
    <ClInclude Include="kaldi-common.h">
      <Filter>头文件</Filter>
    </ClInclude>
    <ClInclude Include="kaldi-error.h">
      <Filter>头文件</Filter>
    </ClInclude>
    <ClInclude Include="kaldi-math.h">
      <Filter>头文件</Filter>
    </ClInclude>
    <ClInclude Include="kaldi-types.h">
      <Filter>头文件</Filter>
    </ClInclude>
    <ClInclude Include="kaldi-utils.h">
      <Filter>头文件</Filter>
    </ClInclude>
    <ClInclude Include="timer.h">
      <Filter>头文件</Filter>
    </ClInclude>
    <ClInclude Include="version.h">
      <Filter>头文件</Filter>
    </ClInclude>
    <ClInclude Include="hmm-topology.h">
      <Filter>头文件</Filter>
    </ClInclude>
    <ClInclude Include="transition-model.h">
      <Filter>头文件</Filter>
    </ClInclude>
    <ClInclude Include="text-utils.h">
      <Filter>头文件</Filter>
    </ClInclude>
    <ClInclude Include="decodable-itf.h">
      <Filter>头文件</Filter>
    </ClInclude>
    <ClInclude Include="online-feature-itf.h">
      <Filter>头文件</Filter>
    </ClInclude>
    <ClInclude Include="options-itf.h">
      <Filter>头文件</Filter>
    </ClInclude>
    <ClInclude Include="stl-utils.h">
      <Filter>头文件</Filter>
    </ClInclude>
    <ClInclude Include="basic-filebuf.h">
      <Filter>头文件</Filter>
    </ClInclude>
    <ClInclude Include="common-utils.h">
      <Filter>头文件</Filter>
    </ClInclude>
    <ClInclude Include="const-integer-set.h">
      <Filter>头文件</Filter>
    </ClInclude>
    <ClInclude Include="const-integer-set-inl.h">
      <Filter>头文件</Filter>
    </ClInclude>
    <ClInclude Include="kaldi-io.h">
      <Filter>头文件</Filter>
    </ClInclude>
    <ClInclude Include="kaldi-io-inl.h">
      <Filter>头文件</Filter>
    </ClInclude>
    <ClInclude Include="parse-options.h">
      <Filter>头文件</Filter>
    </ClInclude>
    <ClInclude Include="kaldi-holder.h">
      <Filter>头文件</Filter>
    </ClInclude>
    <ClInclude Include="kaldi-holder-inl.h">
      <Filter>头文件</Filter>
    </ClInclude>
    <ClInclude Include="kaldi-pipebuf.h">
      <Filter>头文件</Filter>
    </ClInclude>
    <ClInclude Include="kaldi-table.h">
      <Filter>头文件</Filter>
    </ClInclude>
    <ClInclude Include="kaldi-table-inl.h">
      <Filter>头文件</Filter>
    </ClInclude>
    <ClInclude Include="kaldi-matrix.h">
      <Filter>头文件</Filter>
    </ClInclude>
    <ClInclude Include="kaldi-matrix-inl.h">
      <Filter>头文件</Filter>
    </ClInclude>
    <ClInclude Include="kaldi-vector.h">
      <Filter>头文件</Filter>
    </ClInclude>
    <ClInclude Include="kaldi-vector-inl.h">
      <Filter>头文件</Filter>
    </ClInclude>
    <ClInclude Include="matrix-common.h">
      <Filter>头文件</Filter>
    </ClInclude>
    <ClInclude Include="srfft.h">
      <Filter>头文件</Filter>
    </ClInclude>
    <ClInclude Include="matrix-functions.h">
      <Filter>头文件</Filter>
    </ClInclude>
    <ClInclude Include="matrix-functions-inl.h">
      <Filter>头文件</Filter>
    </ClInclude>
    <ClInclude Include="matrix-lib.h">
      <Filter>头文件</Filter>
    </ClInclude>
    <ClInclude Include="optimization.h">
      <Filter>头文件</Filter>
    </ClInclude>
    <ClInclude Include="packed-matrix.h">
      <Filter>头文件</Filter>
    </ClInclude>
    <ClInclude Include="sparse-matrix.h">
      <Filter>头文件</Filter>
    </ClInclude>
    <ClInclude Include="sp-matrix.h">
      <Filter>头文件</Filter>
    </ClInclude>
    <ClInclude Include="tp-matrix.h">
      <Filter>头文件</Filter>
    </ClInclude>
    <ClInclude Include="kaldi-semaphore.h">
      <Filter>头文件</Filter>
    </ClInclude>
    <ClInclude Include="compressed-matrix.h">
      <Filter>头文件</Filter>
    </ClInclude>
    <ClInclude Include="cblas-function.h">
      <Filter>头文件</Filter>
    </ClInclude>
    <ClInclude Include="am-nnet-simple.h">
      <Filter>头文件</Filter>
    </ClInclude>
    <ClInclude Include="decodable-online-looped.h">
      <Filter>头文件</Filter>
    </ClInclude>
    <ClInclude Include="decodable-simple-looped.h">
      <Filter>头文件</Filter>
    </ClInclude>
    <ClInclude Include="nnet-am-decodable-simple.h">
      <Filter>头文件</Filter>
    </ClInclude>
    <ClInclude Include="nnet-analyze.h">
      <Filter>头文件</Filter>
    </ClInclude>
    <ClInclude Include="nnet-common.h">
      <Filter>头文件</Filter>
    </ClInclude>
    <ClInclude Include="nnet-compile.h">
      <Filter>头文件</Filter>
    </ClInclude>
    <ClInclude Include="nnet-compile-looped.h">
      <Filter>头文件</Filter>
    </ClInclude>
    <ClInclude Include="nnet-compile-utils.h">
      <Filter>头文件</Filter>
    </ClInclude>
    <ClInclude Include="nnet-component-itf.h">
      <Filter>头文件</Filter>
    </ClInclude>
    <ClInclude Include="nnet-computation.h">
      <Filter>头文件</Filter>
    </ClInclude>
    <ClInclude Include="nnet-computation-graph.h">
      <Filter>头文件</Filter>
    </ClInclude>
    <ClInclude Include="nnet-compute.h">
      <Filter>头文件</Filter>
    </ClInclude>
    <ClInclude Include="nnet-descriptor.h">
      <Filter>头文件</Filter>
    </ClInclude>
    <ClInclude Include="nnet-general-component.h">
      <Filter>头文件</Filter>
    </ClInclude>
    <ClInclude Include="nnet-graph.h">
      <Filter>头文件</Filter>
    </ClInclude>
    <ClInclude Include="nnet-nnet.h">
      <Filter>头文件</Filter>
    </ClInclude>
    <ClInclude Include="nnet-normalize-component.h">
      <Filter>头文件</Filter>
    </ClInclude>
    <ClInclude Include="nnet-optimize.h">
      <Filter>头文件</Filter>
    </ClInclude>
    <ClInclude Include="nnet-optimize-utils.h">
      <Filter>头文件</Filter>
    </ClInclude>
    <ClInclude Include="nnet-parse.h">
      <Filter>头文件</Filter>
    </ClInclude>
    <ClInclude Include="nnet-simple-component.h">
      <Filter>头文件</Filter>
    </ClInclude>
    <ClInclude Include="nnet-utils.h">
      <Filter>头文件</Filter>
    </ClInclude>
    <ClInclude Include="simple-io-funcs.h">
      <Filter>头文件</Filter>
    </ClInclude>
    <ClInclude Include="simple-options.h">
      <Filter>头文件</Filter>
    </ClInclude>
    <ClInclude Include="table-types.h">
      <Filter>头文件</Filter>
    </ClInclude>
    <ClInclude Include="cu-array.h">
      <Filter>头文件</Filter>
    </ClInclude>
    <ClInclude Include="cu-array-inl.h">
      <Filter>头文件</Filter>
    </ClInclude>
    <ClInclude Include="cu-common.h">
      <Filter>头文件</Filter>
    </ClInclude>
    <ClInclude Include="cu-math.h">
      <Filter>头文件</Filter>
    </ClInclude>
    <ClInclude Include="cu-matrix.h">
      <Filter>头文件</Filter>
    </ClInclude>
    <ClInclude Include="cu-matrixdim.h">
      <Filter>头文件</Filter>
    </ClInclude>
    <ClInclude Include="cu-matrix-inl.h">
      <Filter>头文件</Filter>
    </ClInclude>
    <ClInclude Include="cu-matrix-lib.h">
      <Filter>头文件</Filter>
    </ClInclude>
    <ClInclude Include="cu-rand.h">
      <Filter>头文件</Filter>
    </ClInclude>
    <ClInclude Include="cu-vector.h">
      <Filter>头文件</Filter>
    </ClInclude>
    <ClInclude Include="cu-value.h">
      <Filter>头文件</Filter>
    </ClInclude>
    <ClInclude Include="cu-compressed-matrix.h">
      <Filter>头文件</Filter>
    </ClInclude>
    <ClInclude Include="online-nnet2-feature-pipeline.h">
      <Filter>头文件</Filter>
    </ClInclude>
    <ClInclude Include="online-feature.h">
      <Filter>头文件</Filter>
    </ClInclude>
    <ClInclude Include="feature-common.h">
      <Filter>头文件</Filter>
    </ClInclude>
    <ClInclude Include="feature-common-inl.h">
      <Filter>头文件</Filter>
    </ClInclude>
    <ClInclude Include="feature-fbank.h">
      <Filter>头文件</Filter>
    </ClInclude>
    <ClInclude Include="feature-functions.h">
      <Filter>头文件</Filter>
    </ClInclude>
    <ClInclude Include="feature-mfcc.h">
      <Filter>头文件</Filter>
    </ClInclude>
    <ClInclude Include="feature-spectrogram.h">
      <Filter>头文件</Filter>
    </ClInclude>
    <ClInclude Include="feature-window.h">
      <Filter>头文件</Filter>
    </ClInclude>
    <ClInclude Include="mel-computations.h">
      <Filter>头文件</Filter>
    </ClInclude>
    <ClInclude Include="signal.h">
      <Filter>头文件</Filter>
    </ClInclude>
    <ClInclude Include="wave-reader.h">
      <Filter>头文件</Filter>
    </ClInclude>
    <ClInclude Include="online-endpoint.h">
      <Filter>头文件</Filter>
    </ClInclude>
    <ClInclude Include="online-ivector-feature.h">
      <Filter>头文件</Filter>
    </ClInclude>
    <ClInclude Include="lattice-faster-online-decoder.h">
      <Filter>头文件</Filter>
    </ClInclude>
    <ClInclude Include="hash-list.h">
      <Filter>头文件</Filter>
    </ClInclude>
    <ClInclude Include="hash-list-inl.h">
      <Filter>头文件</Filter>
    </ClInclude>
    <ClInclude Include="wfst-read.h">
      <Filter>头文件</Filter>
    </ClInclude>
    <ClInclude Include="online-nnet3-decoding.h">
      <Filter>头文件</Filter>
    </ClInclude>
  </ItemGroup>
  <ItemGroup>
    <ClCompile Include="stdafx.cpp">
      <Filter>源文件</Filter>
    </ClCompile>
    <ClCompile Include="io-funcs.cc">
      <Filter>源文件</Filter>
    </ClCompile>
    <ClCompile Include="kaldi-error.cc">
      <Filter>源文件</Filter>
    </ClCompile>
    <ClCompile Include="kaldi-math.cc">
      <Filter>源文件</Filter>
    </ClCompile>
    <ClCompile Include="kaldi-utils.cc">
      <Filter>源文件</Filter>
    </ClCompile>
    <ClCompile Include="hmm-topology.cc">
      <Filter>源文件</Filter>
    </ClCompile>
    <ClCompile Include="transition-model.cc">
      <Filter>源文件</Filter>
    </ClCompile>
    <ClCompile Include="text-utils.cc">
      <Filter>源文件</Filter>
    </ClCompile>
    <ClCompile Include="kaldi-io.cc">
      <Filter>源文件</Filter>
    </ClCompile>
    <ClCompile Include="parse-options.cc">
      <Filter>源文件</Filter>
    </ClCompile>
    <ClCompile Include="kaldi-matrix.cc">
      <Filter>源文件</Filter>
    </ClCompile>
    <ClCompile Include="kaldi-vector.cc">
      <Filter>源文件</Filter>
    </ClCompile>
    <ClCompile Include="srfft.cc">
      <Filter>源文件</Filter>
    </ClCompile>
    <ClCompile Include="matrix-functions.cc">
      <Filter>源文件</Filter>
    </ClCompile>
    <ClCompile Include="optimization.cc">
      <Filter>源文件</Filter>
    </ClCompile>
    <ClCompile Include="packed-matrix.cc">
      <Filter>源文件</Filter>
    </ClCompile>
    <ClCompile Include="qr.cc">
      <Filter>源文件</Filter>
    </ClCompile>
    <ClCompile Include="sparse-matrix.cc">
      <Filter>源文件</Filter>
    </ClCompile>
    <ClCompile Include="tp-matrix.cc">
      <Filter>源文件</Filter>
    </ClCompile>
    <ClCompile Include="kaldi-semaphore.cc">
      <Filter>源文件</Filter>
    </ClCompile>
    <ClCompile Include="compressed-matrix.cc">
      <Filter>源文件</Filter>
    </ClCompile>
    <ClCompile Include="kaldi-holder.cc">
      <Filter>源文件</Filter>
    </ClCompile>
    <ClCompile Include="kaldi-table.cc">
      <Filter>源文件</Filter>
    </ClCompile>
    <ClCompile Include="cblas-function.cpp">
      <Filter>源文件</Filter>
    </ClCompile>
    <ClCompile Include="asr-test.cpp">
      <Filter>源文件</Filter>
    </ClCompile>
    <ClCompile Include="am-nnet-simple.cc">
      <Filter>源文件</Filter>
    </ClCompile>
    <ClCompile Include="decodable-online-looped.cc">
      <Filter>源文件</Filter>
    </ClCompile>
    <ClCompile Include="decodable-simple-looped.cc">
      <Filter>源文件</Filter>
    </ClCompile>
    <ClCompile Include="nnet-parse.cc">
      <Filter>源文件</Filter>
    </ClCompile>
    <ClCompile Include="nnet-utils.cc">
      <Filter>源文件</Filter>
    </ClCompile>
    <ClCompile Include="nnet-simple-component.cc">
      <Filter>源文件</Filter>
    </ClCompile>
    <ClCompile Include="nnet-optimize-utils.cc">
      <Filter>源文件</Filter>
    </ClCompile>
    <ClCompile Include="nnet-optimize.cc">
      <Filter>源文件</Filter>
    </ClCompile>
    <ClCompile Include="nnet-normalize-component.cc">
      <Filter>源文件</Filter>
    </ClCompile>
    <ClCompile Include="nnet-nnet.cc">
      <Filter>源文件</Filter>
    </ClCompile>
    <ClCompile Include="nnet-graph.cc">
      <Filter>源文件</Filter>
    </ClCompile>
    <ClCompile Include="nnet-general-component.cc">
      <Filter>源文件</Filter>
    </ClCompile>
    <ClCompile Include="nnet-descriptor.cc">
      <Filter>源文件</Filter>
    </ClCompile>
    <ClCompile Include="nnet-compute.cc">
      <Filter>源文件</Filter>
    </ClCompile>
    <ClCompile Include="nnet-computation-graph.cc">
      <Filter>源文件</Filter>
    </ClCompile>
    <ClCompile Include="nnet-computation.cc">
      <Filter>源文件</Filter>
    </ClCompile>
    <ClCompile Include="nnet-component-itf.cc">
      <Filter>源文件</Filter>
    </ClCompile>
    <ClCompile Include="nnet-compile-utils.cc">
      <Filter>源文件</Filter>
    </ClCompile>
    <ClCompile Include="nnet-compile-looped.cc">
      <Filter>源文件</Filter>
    </ClCompile>
    <ClCompile Include="nnet-am-decodable-simple.cc">
      <Filter>源文件</Filter>
    </ClCompile>
    <ClCompile Include="nnet-analyze.cc">
      <Filter>源文件</Filter>
    </ClCompile>
    <ClCompile Include="nnet-common.cc">
      <Filter>源文件</Filter>
    </ClCompile>
    <ClCompile Include="nnet-compile.cc">
      <Filter>源文件</Filter>
    </ClCompile>
    <ClCompile Include="simple-io-funcs.cc">
      <Filter>源文件</Filter>
    </ClCompile>
    <ClCompile Include="simple-options.cc">
      <Filter>源文件</Filter>
    </ClCompile>
    <ClCompile Include="cu-array.cc">
      <Filter>源文件</Filter>
    </ClCompile>
    <ClCompile Include="cu-math.cc">
      <Filter>源文件</Filter>
    </ClCompile>
    <ClCompile Include="cu-matrix.cc">
      <Filter>源文件</Filter>
    </ClCompile>
    <ClCompile Include="cu-rand.cc">
      <Filter>源文件</Filter>
    </ClCompile>
    <ClCompile Include="cu-vector.cc">
      <Filter>源文件</Filter>
    </ClCompile>
    <ClCompile Include="online-nnet2-feature-pipeline.cc">
      <Filter>源文件</Filter>
    </ClCompile>
    <ClCompile Include="online-feature.cc">
      <Filter>源文件</Filter>
    </ClCompile>
    <ClCompile Include="feature-fbank.cc">
      <Filter>源文件</Filter>
    </ClCompile>
    <ClCompile Include="feature-functions.cc">
      <Filter>源文件</Filter>
    </ClCompile>
    <ClCompile Include="feature-mfcc.cc">
      <Filter>源文件</Filter>
    </ClCompile>
    <ClCompile Include="feature-spectrogram.cc">
      <Filter>源文件</Filter>
    </ClCompile>
    <ClCompile Include="feature-window.cc">
      <Filter>源文件</Filter>
    </ClCompile>
    <ClCompile Include="mel-computations.cc">
      <Filter>源文件</Filter>
    </ClCompile>
    <ClCompile Include="signal.cc">
      <Filter>源文件</Filter>
    </ClCompile>
    <ClCompile Include="wave-reader.cc">
      <Filter>源文件</Filter>
    </ClCompile>
    <ClCompile Include="online-endpoint.cc">
      <Filter>源文件</Filter>
    </ClCompile>
    <ClCompile Include="online-ivector-feature.cc">
      <Filter>源文件</Filter>
    </ClCompile>
    <ClCompile Include="lattice-faster-online-decoder.cc">
      <Filter>源文件</Filter>
    </ClCompile>
    <ClCompile Include="wfst-read.cpp">
      <Filter>源文件</Filter>
    </ClCompile>
    <ClCompile Include="online-nnet3-decoding.cc">
      <Filter>源文件</Filter>
    </ClCompile>
  </ItemGroup>
</Project>